
Microsoft Visual Studio Solution File, Format Version 12.00
# Visual Studio 15
VisualStudioVersion = 15.0.28307.852
MinimumVisualStudioVersion = 10.0.40219.1
Project("{FAE04EC0-301F-11D3-BF4B-00C04F79EFBC}") = "MP", "MP\MP.csproj", "{EA33BD04-71AA-480E-8894-5AD3E6AE4090}"
EndProject
Global
	GlobalSection(SolutionConfigurationPlatforms) = preSolution
		Debug|Any CPU = Debug|Any CPU
		Release|Any CPU = Release|Any CPU
	EndGlobalSection
	GlobalSection(ProjectConfigurationPlatforms) = postSolution
		{EA33BD04-71AA-480E-8894-5AD3E6AE4090}.Debug|Any CPU.ActiveCfg = Debug|Any CPU
		{EA33BD04-71AA-480E-8894-5AD3E6AE4090}.Debug|Any CPU.Build.0 = Debug|Any CPU
		{EA33BD04-71AA-480E-8894-5AD3E6AE4090}.Release|Any CPU.ActiveCfg = Release|Any CPU
		{EA33BD04-71AA-480E-8894-5AD3E6AE4090}.Release|Any CPU.Build.0 = Release|Any CPU
	EndGlobalSection
	GlobalSection(SolutionProperties) = preSolution
		HideSolutionNode = FALSE
	EndGlobalSection
	GlobalSection(ExtensibilityGlobals) = postSolution
		SolutionGuid = {0A0ACB67-656B-46F1-9EB3-E68DB9B89E4E}
	EndGlobalSection
EndGlobal
